// !$*UTF8*$!
{
	archiveVersion = 1;
	classes = {
	};
	objectVersion = 77;
	objects = {

/* Begin PBXContainerItemProxy section */
		9DBF0AB22DBA4CEB00FBAEF7 /* PBXContainerItemProxy */ = {
			isa = PBXContainerItemProxy;
			containerPortal = 9DBF0A942DBA4CE500FBAEF7 /* Project object */;
			proxyType = 1;
			remoteGlobalIDString = 9DBF0A9B2DBA4CE500FBAEF7;
			remoteInfo = CrossCart;
		};
		9DBF0ABC2DBA4CEB00FBAEF7 /* PBXContainerItemProxy */ = {
			isa = PBXContainerItemProxy;
			containerPortal = 9DBF0A942DBA4CE500FBAEF7 /* Project object */;
			proxyType = 1;
			remoteGlobalIDString = 9DBF0A9B2DBA4CE500FBAEF7;
			remoteInfo = CrossCart;
		};
/* End PBXContainerItemProxy section */

/* Begin PBXFileReference section */
		9DBF0A9C2DBA4CE500FBAEF7 /* CrossCart.app */ = {isa = PBXFileReference; explicitFileType = wrapper.application; includeInIndex = 0; path = CrossCart.app; sourceTree = BUILT_PRODUCTS_DIR; };
		9DBF0AB12DBA4CEB00FBAEF7 /* CrossCartTests.xctest */ = {isa = PBXFileReference; explicitFileType = wrapper.cfbundle; includeInIndex = 0; path = CrossCartTests.xctest; sourceTree = BUILT_PRODUCTS_DIR; };
		9DBF0ABB2DBA4CEB00FBAEF7 /* CrossCartUITests.xctest */ = {isa = PBXFileReference; explicitFileType = wrapper.cfbundle; includeInIndex = 0; path = CrossCartUITests.xctest; sourceTree = BUILT_PRODUCTS_DIR; };
/* End PBXFileReference section */

/* Begin PBXFileSystemSynchronizedRootGroup section */
		9DBF0A9E2DBA4CE500FBAEF7 /* CrossCart */ = {
			isa = PBXFileSystemSynchronizedRootGroup;
			path = CrossCart;
			sourceTree = "<group>";
		};
		9DBF0AB42DBA4CEB00FBAEF7 /* CrossCartTests */ = {
			isa = PBXFileSystemSynchronizedRootGroup;
			path = CrossCartTests;
			sourceTree = "<group>";
		};
		9DBF0ABE2DBA4CEB00FBAEF7 /* CrossCartUITests */ = {
			isa = PBXFileSystemSynchronizedRootGroup;
			path = CrossCartUITests;
			sourceTree = "<group>";
		};
/* End PBXFileSystemSynchronizedRootGroup section */

/* Begin PBXFrameworksBuildPhase section */
		9DBF0A992DBA4CE500FBAEF7 /* Frameworks */ = {
			isa = PBXFrameworksBuildPhase;
			buildActionMask = 2147483647;
			files = (
			);
			runOnlyForDeploymentPostprocessing = 0;
		};
		9DBF0AAE2DBA4CEB00FBAEF7 /* Frameworks */ = {
			isa = PBXFrameworksBuildPhase;
			buildActionMask = 2147483647;
			files = (
			);
			runOnlyForDeploymentPostprocessing = 0;
		};
		9DBF0AB82DBA4CEB00FBAEF7 /* Frameworks */ = {
			isa = PBXFrameworksBuildPhase;
			buildActionMask = 2147483647;
			files = (
			);
			runOnlyForDeploymentPostprocessing = 0;
		};
/* End PBXFrameworksBuildPhase section */

/* Begin PBXGroup section */
		9DBF0A932DBA4CE500FBAEF7 = {
			isa = PBXGroup;
			children = (
				9DBF0A9E2DBA4CE500FBAEF7 /* CrossCart */,
				9DBF0AB42DBA4CEB00FBAEF7 /* CrossCartTests */,
				9DBF0ABE2DBA4CEB00FBAEF7 /* CrossCartUITests */,
				9DBF0A9D2DBA4CE500FBAEF7 /* Products */,
			);
			sourceTree = "<group>";
		};
		9DBF0A9D2DBA4CE500FBAEF7 /* Products */ = {
			isa = PBXGroup;
			children = (
				9DBF0A9C2DBA4CE500FBAEF7 /* CrossCart.app */,
				9DBF0AB12DBA4CEB00FBAEF7 /* CrossCartTests.xctest */,
				9DBF0ABB2DBA4CEB00FBAEF7 /* CrossCartUITests.xctest */,
			);
			name = Products;
			sourceTree = "<group>";
		};
/* End PBXGroup section */

/* Begin PBXNativeTarget section */
		9DBF0A9B2DBA4CE500FBAEF7 /* CrossCart */ = {
			isa = PBXNativeTarget;
			buildConfigurationList = 9DBF0AC52DBA4CEB00FBAEF7 /* Build configuration list for PBXNativeTarget "CrossCart" */;
			buildPhases = (
				9DBF0A982DBA4CE500FBAEF7 /* Sources */,
				9DBF0A992DBA4CE500FBAEF7 /* Frameworks */,
				9DBF0A9A2DBA4CE500FBAEF7 /* Resources */,
			);
			buildRules = (
			);
			dependencies = (
			);
			fileSystemSynchronizedGroups = (
				9DBF0A9E2DBA4CE500FBAEF7 /* CrossCart */,
			);
			name = CrossCart;
			packageProductDependencies = (
			);
			productName = CrossCart;
			productReference = 9DBF0A9C2DBA4CE500FBAEF7 /* CrossCart.app */;
			productType = "com.apple.product-type.application";
		};
		9DBF0AB02DBA4CEB00FBAEF7 /* CrossCartTests */ = {
			isa = PBXNativeTarget;
			buildConfigurationList = 9DBF0AC82DBA4CEB00FBAEF7 /* Build configuration list for PBXNativeTarget "CrossCartTests" */;
			buildPhases = (
				9DBF0AAD2DBA4CEB00FBAEF7 /* Sources */,
				9DBF0AAE2DBA4CEB00FBAEF7 /* Frameworks */,
				9DBF0AAF2DBA4CEB00FBAEF7 /* Resources */,
			);
			buildRules = (
			);
			dependencies = (
				9DBF0AB32DBA4CEB00FBAEF7 /* PBXTargetDependency */,
			);
			fileSystemSynchronizedGroups = (
				9DBF0AB42DBA4CEB00FBAEF7 /* CrossCartTests */,
			);
			name = CrossCartTests;
			packageProductDependencies = (
			);
			productName = CrossCartTests;
			productReference = 9DBF0AB12DBA4CEB00FBAEF7 /* CrossCartTests.xctest */;
			productType = "com.apple.product-type.bundle.unit-test";
		};
		9DBF0ABA2DBA4CEB00FBAEF7 /* CrossCartUITests */ = {
			isa = PBXNativeTarget;
			buildConfigurationList = 9DBF0ACB2DBA4CEB00FBAEF7 /* Build configuration list for PBXNativeTarget "CrossCartUITests" */;
			buildPhases = (
				9DBF0AB72DBA4CEB00FBAEF7 /* Sources */,
				9DBF0AB82DBA4CEB00FBAEF7 /* Frameworks */,
				9DBF0AB92DBA4CEB00FBAEF7 /* Resources */,
			);
			buildRules = (
			);
			dependencies = (
				9DBF0ABD2DBA4CEB00FBAEF7 /* PBXTargetDependency */,
			);
			fileSystemSynchronizedGroups = (
				9DBF0ABE2DBA4CEB00FBAEF7 /* CrossCartUITests */,
			);
			name = CrossCartUITests;
			packageProductDependencies = (
			);
			productName = CrossCartUITests;
			productReference = 9DBF0ABB2DBA4CEB00FBAEF7 /* CrossCartUITests.xctest */;
			productType = "com.apple.product-type.bundle.ui-testing";
		};
/* End PBXNativeTarget section */

/* Begin PBXProject section */
		9DBF0A942DBA4CE500FBAEF7 /* Project object */ = {
			isa = PBXProject;
			attributes = {
				BuildIndependentTargetsInParallel = 1;
				LastSwiftUpdateCheck = 1600;
				LastUpgradeCheck = 1600;
				TargetAttributes = {
					9DBF0A9B2DBA4CE500FBAEF7 = {
						CreatedOnToolsVersion = 16.0;
					};
					9DBF0AB02DBA4CEB00FBAEF7 = {
						CreatedOnToolsVersion = 16.0;
						TestTargetID = 9DBF0A9B2DBA4CE500FBAEF7;
					};
					9DBF0ABA2DBA4CEB00FBAEF7 = {
						CreatedOnToolsVersion = 16.0;
						TestTargetID = 9DBF0A9B2DBA4CE500FBAEF7;
					};
				};
			};
			buildConfigurationList = 9DBF0A972DBA4CE500FBAEF7 /* Build configuration list for PBXProject "CrossCart" */;
			developmentRegion = en;
			hasScannedForEncodings = 0;
			knownRegions = (
				en,
				Base,
			);
			mainGroup = 9DBF0A932DBA4CE500FBAEF7;
			minimizedProjectReferenceProxies = 1;
			preferredProjectObjectVersion = 77;
			productRefGroup = 9DBF0A9D2DBA4CE500FBAEF7 /* Products */;
			projectDirPath = "";
			projectRoot = "";
			targets = (
				9DBF0A9B2DBA4CE500FBAEF7 /* CrossCart */,
				9DBF0AB02DBA4CEB00FBAEF7 /* CrossCartTests */,
				9DBF0ABA2DBA4CEB00FBAEF7 /* CrossCartUITests */,
			);
		};
/* End PBXProject section */

/* Begin PBXResourcesBuildPhase section */
		9DBF0A9A2DBA4CE500FBAEF7 /* Resources */ = {
			isa = PBXResourcesBuildPhase;
			buildActionMask = 2147483647;
			files = (
			);
			runOnlyForDeploymentPostprocessing = 0;
		};
		9DBF0AAF2DBA4CEB00FBAEF7 /* Resources */ = {
			isa = PBXResourcesBuildPhase;
			buildActionMask = 2147483647;
			files = (
			);
			runOnlyForDeploymentPostprocessing = 0;
		};
		9DBF0AB92DBA4CEB00FBAEF7 /* Resources */ = {
			isa = PBXResourcesBuildPhase;
			buildActionMask = 2147483647;
			files = (
			);
			runOnlyForDeploymentPostprocessing = 0;
		};
/* End PBXResourcesBuildPhase section */

/* Begin PBXSourcesBuildPhase section */
		9DBF0A982DBA4CE500FBAEF7 /* Sources */ = {
			isa = PBXSourcesBuildPhase;
			buildActionMask = 2147483647;
			files = (
			);
			runOnlyForDeploymentPostprocessing = 0;
		};
		9DBF0AAD2DBA4CEB00FBAEF7 /* Sources */ = {
			isa = PBXSourcesBuildPhase;
			buildActionMask = 2147483647;
			files = (
			);
			runOnlyForDeploymentPostprocessing = 0;
		};
		9DBF0AB72DBA4CEB00FBAEF7 /* Sources */ = {
			isa = PBXSourcesBuildPhase;
			buildActionMask = 2147483647;
			files = (
			);
			runOnlyForDeploymentPostprocessing = 0;
		};
/* End PBXSourcesBuildPhase section */

/* Begin PBXTargetDependency section */
		9DBF0AB32DBA4CEB00FBAEF7 /* PBXTargetDependency */ = {
			isa = PBXTargetDependency;
			target = 9DBF0A9B2DBA4CE500FBAEF7 /* CrossCart */;
			targetProxy = 9DBF0AB22DBA4CEB00FBAEF7 /* PBXContainerItemProxy */;
		};
		9DBF0ABD2DBA4CEB00FBAEF7 /* PBXTargetDependency */ = {
			isa = PBXTargetDependency;
			target = 9DBF0A9B2DBA4CE500FBAEF7 /* CrossCart */;
			targetProxy = 9DBF0ABC2DBA4CEB00FBAEF7 /* PBXContainerItemProxy */;
		};
/* End PBXTargetDependency section */

/* Begin XCBuildConfiguration section */
		9DBF0AC32DBA4CEB00FBAEF7 /* Debug */ = {
			isa = XCBuildConfiguration;
			buildSettings = {
				ALWAYS_SEARCH_USER_PATHS = NO;
				ASSETCATALOG_COMPILER_GENERATE_SWIFT_ASSET_SYMBOL_EXTENSIONS = YES;
				CLANG_ANALYZER_NONNULL = YES;
				CLANG_ANALYZER_NUMBER_OBJECT_CONVERSION = YES_AGGRESSIVE;
				CLANG_CXX_LANGUAGE_STANDARD = "gnu++20";
				CLANG_ENABLE_MODULES = YES;
				CLANG_ENABLE_OBJC_ARC = YES;
				CLANG_ENABLE_OBJC_WEAK = YES;
				CLANG_WARN_BLOCK_CAPTURE_AUTORELEASING = YES;
				CLANG_WARN_BOOL_CONVERSION = YES;
				CLANG_WARN_COMMA = YES;
				CLANG_WARN_CONSTANT_CONVERSION = YES;
				CLANG_WARN_DEPRECATED_OBJC_IMPLEMENTATIONS = YES;
				CLANG_WARN_DIRECT_OBJC_ISA_USAGE = YES_ERROR;
				CLANG_WARN_DOCUMENTATION_COMMENTS = YES;
				CLANG_WARN_EMPTY_BODY = YES;
				CLANG_WARN_ENUM_CONVERSION = YES;
				CLANG_WARN_INFINITE_RECURSION = YES;
				CLANG_WARN_INT_CONVERSION = YES;
				CLANG_WARN_NON_LITERAL_NULL_CONVERSION = YES;
				CLANG_WARN_OBJC_IMPLICIT_RETAIN_SELF = YES;
				CLANG_WARN_OBJC_LITERAL_CONVERSION = YES;
				CLANG_WARN_OBJC_ROOT_CLASS = YES_ERROR;
				CLANG_WARN_QUOTED_INCLUDE_IN_FRAMEWORK_HEADER = YES;
				CLANG_WARN_RANGE_LOOP_ANALYSIS = YES;
				CLANG_WARN_STRICT_PROTOTYPES = YES;
				CLANG_WARN_SUSPICIOUS_MOVE = YES;
				CLANG_WARN_UNGUARDED_AVAILABILITY = YES_AGGRESSIVE;
				CLANG_WARN_UNREACHABLE_CODE = YES;
				CLANG_WARN__DUPLICATE_METHOD_MATCH = YES;
				COPY_PHASE_STRIP = NO;
				DEBUG_INFORMATION_FORMAT = dwarf;
				ENABLE_STRICT_OBJC_MSGSEND = YES;
				ENABLE_TESTABILITY = YES;
				ENABLE_USER_SCRIPT_SANDBOXING = YES;
				GCC_C_LANGUAGE_STANDARD = gnu17;
				GCC_DYNAMIC_NO_PIC = NO;
				GCC_NO_COMMON_BLOCKS = YES;
				GCC_OPTIMIZATION_LEVEL = 0;
				GCC_PREPROCESSOR_DEFINITIONS = (
					"DEBUG=1",
					"$(inherited)",
				);
				GCC_WARN_64_TO_32_BIT_CONVERSION = YES;
				GCC_WARN_ABOUT_RETURN_TYPE = YES_ERROR;
				GCC_WARN_UNDECLARED_SELECTOR = YES;
				GCC_WARN_UNINITIALIZED_AUTOS = YES_AGGRESSIVE;
				GCC_WARN_UNUSED_FUNCTION = YES;
				GCC_WARN_UNUSED_VARIABLE = YES;
				IPHONEOS_DEPLOYMENT_TARGET = 18.0;
				LOCALIZATION_PREFERS_STRING_CATALOGS = YES;
				MTL_ENABLE_DEBUG_INFO = INCLUDE_SOURCE;
				MTL_FAST_MATH = YES;
				ONLY_ACTIVE_ARCH = YES;
				SDKROOT = iphoneos;
				SWIFT_ACTIVE_COMPILATION_CONDITIONS = "DEBUG $(inherited)";
				SWIFT_OPTIMIZATION_LEVEL = "-Onone";
			};
			name = Debug;
		};
		9DBF0AC42DBA4CEB00FBAEF7 /* Release */ = {
			isa = XCBuildConfiguration;
			buildSettings = {
				ALWAYS_SEARCH_USER_PATHS = NO;
				ASSETCATALOG_COMPILER_GENERATE_SWIFT_ASSET_SYMBOL_EXTENSIONS = YES;
				CLANG_ANALYZER_NONNULL = YES;
				CLANG_ANALYZER_NUMBER_OBJECT_CONVERSION = YES_AGGRESSIVE;
				CLANG_CXX_LANGUAGE_STANDARD = "gnu++20";
				CLANG_ENABLE_MODULES = YES;
				CLANG_ENABLE_OBJC_ARC = YES;
				CLANG_ENABLE_OBJC_WEAK = YES;
				CLANG_WARN_BLOCK_CAPTURE_AUTORELEASING = YES;
				CLANG_WARN_BOOL_CONVERSION = YES;
				CLANG_WARN_COMMA = YES;
				CLANG_WARN_CONSTANT_CONVERSION = YES;
				CLANG_WARN_DEPRECATED_OBJC_IMPLEMENTATIONS = YES;
				CLANG_WARN_DIRECT_OBJC_ISA_USAGE = YES_ERROR;
				CLANG_WARN_DOCUMENTATION_COMMENTS = YES;
				CLANG_WARN_EMPTY_BODY = YES;
				CLANG_WARN_ENUM_CONVERSION = YES;
				CLANG_WARN_INFINITE_RECURSION = YES;
				CLANG_WARN_INT_CONVERSION = YES;
				CLANG_WARN_NON_LITERAL_NULL_CONVERSION = YES;
				CLANG_WARN_OBJC_IMPLICIT_RETAIN_SELF = YES;
				CLANG_WARN_OBJC_LITERAL_CONVERSION = YES;
				CLANG_WARN_OBJC_ROOT_CLASS = YES_ERROR;
				CLANG_WARN_QUOTED_INCLUDE_IN_FRAMEWORK_HEADER = YES;
				CLANG_WARN_RANGE_LOOP_ANALYSIS = YES;
				CLANG_WARN_STRICT_PROTOTYPES = YES;
				CLANG_WARN_SUSPICIOUS_MOVE = YES;
				CLANG_WARN_UNGUARDED_AVAILABILITY = YES_AGGRESSIVE;
				CLANG_WARN_UNREACHABLE_CODE = YES;
				CLANG_WARN__DUPLICATE_METHOD_MATCH = YES;
				COPY_PHASE_STRIP = NO;
				DEBUG_INFORMATION_FORMAT = "dwarf-with-dsym";
				ENABLE_NS_ASSERTIONS = NO;
				ENABLE_STRICT_OBJC_MSGSEND = YES;
				ENABLE_USER_SCRIPT_SANDBOXING = YES;
				GCC_C_LANGUAGE_STANDARD = gnu17;
				GCC_NO_COMMON_BLOCKS = YES;
				GCC_WARN_64_TO_32_BIT_CONVERSION = YES;
				GCC_WARN_ABOUT_RETURN_TYPE = YES_ERROR;
				GCC_WARN_UNDECLARED_SELECTOR = YES;
				GCC_WARN_UNINITIALIZED_AUTOS = YES_AGGRESSIVE;
				GCC_WARN_UNUSED_FUNCTION = YES;
				GCC_WARN_UNUSED_VARIABLE = YES;
				IPHONEOS_DEPLOYMENT_TARGET = 18.0;
				LOCALIZATION_PREFERS_STRING_CATALOGS = YES;
				MTL_ENABLE_DEBUG_INFO = NO;
				MTL_FAST_MATH = YES;
				SDKROOT = iphoneos;
				SWIFT_COMPILATION_MODE = wholemodule;
				VALIDATE_PRODUCT = YES;
			};
			name = Release;
		};
		9DBF0AC62DBA4CEB00FBAEF7 /* Debug */ = {
			isa = XCBuildConfiguration;
			buildSettings = {
				ASSETCATALOG_COMPILER_APPICON_NAME = AppIcon;
				ASSETCATALOG_COMPILER_GLOBAL_ACCENT_COLOR_NAME = AccentColor;
				CODE_SIGN_STYLE = Automatic;
				CURRENT_PROJECT_VERSION = 1;
				DEVELOPMENT_ASSET_PATHS = "\"CrossCart/Preview Content\"";
				DEVELOPMENT_TEAM = P65S2NYCR7;
				ENABLE_PREVIEWS = YES;
				GENERATE_INFOPLIST_FILE = YES;
				INFOPLIST_KEY_UIApplicationSceneManifest_Generation = YES;
				INFOPLIST_KEY_UIApplicationSupportsIndirectInputEvents = YES;
				INFOPLIST_KEY_UILaunchScreen_Generation = YES;
				INFOPLIST_KEY_UISupportedInterfaceOrientations_iPad = "UIInterfaceOrientationPortrait UIInterfaceOrientationPortraitUpsideDown UIInterfaceOrientationLandscapeLeft UIInterfaceOrientationLandscapeRight";
				INFOPLIST_KEY_UISupportedInterfaceOrientations_iPhone = "UIInterfaceOrientationPortrait UIInterfaceOrientationLandscapeLeft UIInterfaceOrientationLandscapeRight";
				LD_RUNPATH_SEARCH_PATHS = (
					"$(inherited)",
					"@executable_path/Frameworks",
				);
				MARKETING_VERSION = 1.0;
				PRODUCT_BUNDLE_IDENTIFIER = com.oauthDemo.CrossCart;
				PRODUCT_NAME = "$(TARGET_NAME)";
				SWIFT_EMIT_LOC_STRINGS = YES;
				SWIFT_VERSION = 5.0;
				TARGETED_DEVICE_FAMILY = "1,2";
			};
			name = Debug;
		};
		9DBF0AC72DBA4CEB00FBAEF7 /* Release */ = {
			isa = XCBuildConfiguration;
			buildSettings = {
				ASSETCATALOG_COMPILER_APPICON_NAME = AppIcon;
				ASSETCATALOG_COMPILER_GLOBAL_ACCENT_COLOR_NAME = AccentColor;
				CODE_SIGN_STYLE = Automatic;
				CURRENT_PROJECT_VERSION = 1;
				DEVELOPMENT_ASSET_PATHS = "\"CrossCart/Preview Content\"";
				DEVELOPMENT_TEAM = P65S2NYCR7;
				ENABLE_PREVIEWS = YES;
				GENERATE_INFOPLIST_FILE = YES;
				INFOPLIST_KEY_UIApplicationSceneManifest_Generation = YES;
				INFOPLIST_KEY_UIApplicationSupportsIndirectInputEvents = YES;
				INFOPLIST_KEY_UILaunchScreen_Generation = YES;
				INFOPLIST_KEY_UISupportedInterfaceOrientations_iPad = "UIInterfaceOrientationPortrait UIInterfaceOrientationPortraitUpsideDown UIInterfaceOrientationLandscapeLeft UIInterfaceOrientationLandscapeRight";
				INFOPLIST_KEY_UISupportedInterfaceOrientations_iPhone = "UIInterfaceOrientationPortrait UIInterfaceOrientationLandscapeLeft UIInterfaceOrientationLandscapeRight";
				LD_RUNPATH_SEARCH_PATHS = (
					"$(inherited)",
					"@executable_path/Frameworks",
				);
				MARKETING_VERSION = 1.0;
				PRODUCT_BUNDLE_IDENTIFIER = com.oauthDemo.CrossCart;
				PRODUCT_NAME = "$(TARGET_NAME)";
				SWIFT_EMIT_LOC_STRINGS = YES;
				SWIFT_VERSION = 5.0;
				TARGETED_DEVICE_FAMILY = "1,2";
			};
			name = Release;
		};
		9DBF0AC92DBA4CEB00FBAEF7 /* Debug */ = {
			isa = XCBuildConfiguration;
			buildSettings = {
				BUNDLE_LOADER = "$(TEST_HOST)";
				CODE_SIGN_STYLE = Automatic;
				CURRENT_PROJECT_VERSION = 1;
				DEVELOPMENT_TEAM = P65S2NYCR7;
				GENERATE_INFOPLIST_FILE = YES;
				IPHONEOS_DEPLOYMENT_TARGET = 18.0;
				MARKETING_VERSION = 1.0;
				PRODUCT_BUNDLE_IDENTIFIER = com.oauthDemo.CrossCartTests;
				PRODUCT_NAME = "$(TARGET_NAME)";
				SWIFT_EMIT_LOC_STRINGS = NO;
				SWIFT_VERSION = 5.0;
				TARGETED_DEVICE_FAMILY = "1,2";
				TEST_HOST = "$(BUILT_PRODUCTS_DIR)/CrossCart.app/$(BUNDLE_EXECUTABLE_FOLDER_PATH)/CrossCart";
			};
			name = Debug;
		};
		9DBF0ACA2DBA4CEB00FBAEF7 /* Release */ = {
			isa = XCBuildConfiguration;
			buildSettings = {
				BUNDLE_LOADER = "$(TEST_HOST)";
				CODE_SIGN_STYLE = Automatic;
				CURRENT_PROJECT_VERSION = 1;
				DEVELOPMENT_TEAM = P65S2NYCR7;
				GENERATE_INFOPLIST_FILE = YES;
				IPHONEOS_DEPLOYMENT_TARGET = 18.0;
				MARKETING_VERSION = 1.0;
				PRODUCT_BUNDLE_IDENTIFIER = com.oauthDemo.CrossCartTests;
				PRODUCT_NAME = "$(TARGET_NAME)";
				SWIFT_EMIT_LOC_STRINGS = NO;
				SWIFT_VERSION = 5.0;
				TARGETED_DEVICE_FAMILY = "1,2";
				TEST_HOST = "$(BUILT_PRODUCTS_DIR)/CrossCart.app/$(BUNDLE_EXECUTABLE_FOLDER_PATH)/CrossCart";
			};
			name = Release;
		};
		9DBF0ACC2DBA4CEB00FBAEF7 /* Debug */ = {
			isa = XCBuildConfiguration;
			buildSettings = {
				CODE_SIGN_STYLE = Automatic;
				CURRENT_PROJECT_VERSION = 1;
				DEVELOPMENT_TEAM = P65S2NYCR7;
				GENERATE_INFOPLIST_FILE = YES;
				MARKETING_VERSION = 1.0;
				PRODUCT_BUNDLE_IDENTIFIER = com.oauthDemo.CrossCartUITests;
				PRODUCT_NAME = "$(TARGET_NAME)";
				SWIFT_EMIT_LOC_STRINGS = NO;
				SWIFT_VERSION = 5.0;
				TARGETED_DEVICE_FAMILY = "1,2";
				TEST_TARGET_NAME = CrossCart;
			};
			name = Debug;
		};
		9DBF0ACD2DBA4CEB00FBAEF7 /* Release */ = {
			isa = XCBuildConfiguration;
			buildSettings = {
				CODE_SIGN_STYLE = Automatic;
				CURRENT_PROJECT_VERSION = 1;
				DEVELOPMENT_TEAM = P65S2NYCR7;
				GENERATE_INFOPLIST_FILE = YES;
				MARKETING_VERSION = 1.0;
				PRODUCT_BUNDLE_IDENTIFIER = com.oauthDemo.CrossCartUITests;
				PRODUCT_NAME = "$(TARGET_NAME)";
				SWIFT_EMIT_LOC_STRINGS = NO;
				SWIFT_VERSION = 5.0;
				TARGETED_DEVICE_FAMILY = "1,2";
				TEST_TARGET_NAME = CrossCart;
			};
			name = Release;
		};
/* End XCBuildConfiguration section */

/* Begin XCConfigurationList section */
		9DBF0A972DBA4CE500FBAEF7 /* Build configuration list for PBXProject "CrossCart" */ = {
			isa = XCConfigurationList;
			buildConfigurations = (
				9DBF0AC32DBA4CEB00FBAEF7 /* Debug */,
				9DBF0AC42DBA4CEB00FBAEF7 /* Release */,
			);
			defaultConfigurationIsVisible = 0;
			defaultConfigurationName = Release;
		};
		9DBF0AC52DBA4CEB00FBAEF7 /* Build configuration list for PBXNativeTarget "CrossCart" */ = {
			isa = XCConfigurationList;
			buildConfigurations = (
				9DBF0AC62DBA4CEB00FBAEF7 /* Debug */,
				9DBF0AC72DBA4CEB00FBAEF7 /* Release */,
			);
			defaultConfigurationIsVisible = 0;
			defaultConfigurationName = Release;
		};
		9DBF0AC82DBA4CEB00FBAEF7 /* Build configuration list for PBXNativeTarget "CrossCartTests" */ = {
			isa = XCConfigurationList;
			buildConfigurations = (
				9DBF0AC92DBA4CEB00FBAEF7 /* Debug */,
				9DBF0ACA2DBA4CEB00FBAEF7 /* Release */,
			);
			defaultConfigurationIsVisible = 0;
			defaultConfigurationName = Release;
		};
		9DBF0ACB2DBA4CEB00FBAEF7 /* Build configuration list for PBXNativeTarget "CrossCartUITests" */ = {
			isa = XCConfigurationList;
			buildConfigurations = (
				9DBF0ACC2DBA4CEB00FBAEF7 /* Debug */,
				9DBF0ACD2DBA4CEB00FBAEF7 /* Release */,
			);
			defaultConfigurationIsVisible = 0;
			defaultConfigurationName = Release;
		};
/* End XCConfigurationList section */
	};
	rootObject = 9DBF0A942DBA4CE500FBAEF7 /* Project object */;
}
